{"1.1.0",
[{<<"accept">>,{pkg,<<"accept">>,<<"0.3.3">>},2},
 {<<"cowboy">>,{pkg,<<"cowboy">>,<<"1.0.4">>},0},
 {<<"cowlib">>,{pkg,<<"cowlib">>,<<"1.0.2">>},1},
 {<<"eper">>,{pkg,<<"eper">>,<<"0.99.1">>},0},
 {<<"prometheus">>,{pkg,<<"prometheus">>,<<"3.4.4">>},0},
 {<<"prometheus_cowboy">>,{pkg,<<"prometheus_cowboy">>,<<"0.1.4">>},0},
 {<<"prometheus_httpd">>,{pkg,<<"prometheus_httpd">>,<<"2.1.8">>},1},
 {<<"ranch">>,{pkg,<<"ranch">>,<<"1.7.1">>},1}]}.
[
{pkg_hash,[
 {<<"accept">>, <<"548EBB6FB2E8B0D170E75BB6123AEA6CEECB0189BB1231EEADF52EAC08384A97">>},
 {<<"cowboy">>, <<"A324A8DF9F2316C833A470D918AAF73AE894278B8AA6226CE7A9BF699388F878">>},
 {<<"cowlib">>, <<"9D769A1D062C9C3AC753096F868CA121E2730B9A377DE23DEC0F7E08B1DF84EE">>},
 {<<"eper">>, <<"A50698B6803B8732AD6575285320999FE73E160A1A9FF7EFCAB6B6F818BD2C1F">>},
 {<<"prometheus">>, <<"69E969F1D12A441D02B598C9D5CE8839AD34C955E667DCE4B246844510682242">>},
 {<<"prometheus_cowboy">>, <<"87693CE8083F0B4DEF62AF0E8D0428A94F4DF8802D12D41ACAED4270DCB95EF7">>},
 {<<"prometheus_httpd">>, <<"8F4B83712FCFF5870F1B6664E6FA4F1C2EE2C72729FB04D46445C77DE65802F6">>},
 {<<"ranch">>, <<"6B1FAB51B49196860B733A49C07604465A47BDB78AA10C1C16A3D199F7F8C881">>}]}
].
